PODS:
  - CNIOAtomics (2.1.0)
  - CNIODarwin (2.1.0)
  - CNIOLinux (2.1.0)
  - CNIOSHA1 (2.1.0)
  - InputBarAccessoryView (4.2.2)
  - MessageKit (3.0.0):
    - InputBarAccessoryView (~> 4.2.2)
  - PromiseKit (6.8.4):
    - PromiseKit/CorePromise (= 6.8.4)
    - PromiseKit/Foundation (= 6.8.4)
    - PromiseKit/UIKit (= 6.8.4)
  - PromiseKit/CorePromise (6.8.4)
  - PromiseKit/Foundation (6.8.4):
    - PromiseKit/CorePromise
  - PromiseKit/UIKit (6.8.4):
    - PromiseKit/CorePromise
  - RxAppState (1.5.0):
    - RxCocoa (~> 4.4)
    - RxSwift (~> 4.4)
  - RxCocoa (4.5.0):
    - RxSwift (>= 4.4.2, ~> 4.4)
  - RxGesture (2.2.0):
    - RxCocoa (~> 4.5)
    - RxSwift (~> 4.5)
  - RxSwift (4.5.0)
  - SwiftLint (0.32.0)
  - SwiftNIO (2.1.0):
    - CNIOAtomics (= 2.1.0)
    - CNIODarwin (= 2.1.0)
    - CNIOLinux (= 2.1.0)
    - CNIOSHA1 (= 2.1.0)
    - SwiftNIOConcurrencyHelpers (= 2.1.0)
  - SwiftNIOConcurrencyHelpers (2.1.0):
    - CNIOAtomics (= 2.1.0)

DEPENDENCIES:
  - MessageKit
  - PromiseKit
  - RxAppState
  - RxGesture
  - RxSwift
  - SwiftLint
  - SwiftNIO

SPEC REPOS:
  https://github.com/cocoapods/specs.git:
    - CNIOAtomics
    - CNIODarwin
    - CNIOLinux
    - CNIOSHA1
    - InputBarAccessoryView
    - MessageKit
    - PromiseKit
    - RxAppState
    - RxCocoa
    - RxGesture
    - RxSwift
    - SwiftLint
    - SwiftNIO
    - SwiftNIOConcurrencyHelpers

SPEC CHECKSUMS:
  CNIOAtomics: 48137f690785c85dcfcf1a9a0fc0f8ce8f9e0bc5
  CNIODarwin: df32494ea2f274c5deeb5800e5c3178e7837e012
  CNIOLinux: af7c6efa6a593f0db706f8424db1d540e1b62a7d
  CNIOSHA1: bda8fb7459063389aa648303fbdab3bc1184c2d6
  InputBarAccessoryView: 2b937602598e2fab3149f37f51dd7ad795653812
  MessageKit: e892a9ca49ebe6d82684d3a93ad84021fa23e2c6
  PromiseKit: 51794a832647e7b819336dc2279039ce9f1cc49b
  RxAppState: 46cae19e582daf7283a8f9ef553e7c049e1565b4
  RxCocoa: cbf70265dc65a981d4ac982e513c10cf23df24a0
  RxGesture: c1b7bf17166b0ef9d642a9510f8bac5785f18990
  RxSwift: f172070dfd1a93d70a9ab97a5a01166206e1c575
  SwiftLint: 009a898ef2a1c851f45e1b59349bf6ff2ddc990d
  SwiftNIO: d4bdfcdc2fc89b0ddcbc20190086a78f6b44bad6
  SwiftNIOConcurrencyHelpers: a9cbb8a404c73d746191664e5c824bff5b900e5d

PODFILE CHECKSUM: 8dbf14b301d4ed7400a9cf3c2fec2366c51f146f

COCOAPODS: 1.6.1
